{
  "nodes": {
    "fenix": {
      "inputs": {
        "nixpkgs": [
          "nixpkgs"
        ],
        "rust-analyzer-src": "rust-analyzer-src"
      },
      "locked": {
        "lastModified": 1666163103,
        "narHash": "sha256-M7mc/q4J+uJxVzcbcOfMdEr3JqLEmYIeEIUyGkDGFOI=",
        "owner": "nix-community",
        "repo": "fenix",
        "rev": "b0e6f8e0e48d96acc01ceeb0513d827de172e96a",
        "type": "github"
      },
      "original": {
        "owner": "nix-community",
        "repo": "fenix",
        "type": "github"
      }
    },
    "flake-parts": {
      "inputs": {
        "nixpkgs-lib": "nixpkgs-lib"
      },
      "locked": {
        "lastModified": 1665512413,
        "narHash": "sha256-IeuXVWD+VkmdVdC3d2i7mdEWhNSEvc2GUdui09zAGpE=",
        "owner": "hercules-ci",
        "repo": "flake-parts",
        "rev": "08ce9a42392cf8c7fdabf7c51069381ba5455dc7",
        "type": "github"
      },
      "original": {
        "owner": "hercules-ci",
        "repo": "flake-parts",
        "type": "github"
      }
    },
    "nix-filter": {
      "locked": {
        "lastModified": 1661201956,
        "narHash": "sha256-RizGJH/buaw9A2+fiBf9WnXYw4LZABB5kMAZIEE5/T8=",
        "owner": "numtide",
        "repo": "nix-filter",
        "rev": "3b821578685d661a10b563cba30b1861eec05748",
        "type": "github"
      },
      "original": {
        "owner": "numtide",
        "repo": "nix-filter",
        "type": "github"
      }
    },
    "nixpkgs": {
      "locked": {
        "lastModified": 1670276674,
        "narHash": "sha256-FqZ7b2RpoHQ/jlG6JPcCNmG/DoUPCIvyaropUDFhF3Q=",
        "owner": "NixOS",
        "repo": "nixpkgs",
        "rev": "52e3e80afff4b16ccb7c52e9f0f5220552f03d04",
        "type": "github"
      },
      "original": {
        "owner": "NixOS",
        "ref": "nixos-22.11",
        "repo": "nixpkgs",
        "type": "github"
      }
    },
    "nixpkgs-lib": {
      "locked": {
        "dir": "lib",
        "lastModified": 1665349835,
        "narHash": "sha256-UK4urM3iN80UXQ7EaOappDzcisYIuEURFRoGQ/yPkug=",
        "owner": "NixOS",
        "repo": "nixpkgs",
        "rev": "34c5293a71ffdb2fe054eb5288adc1882c1eb0b1",
        "type": "github"
      },
      "original": {
        "dir": "lib",
        "owner": "NixOS",
        "ref": "nixos-unstable",
        "repo": "nixpkgs",
        "type": "github"
      }
    },
    "root": {
      "inputs": {
        "fenix": "fenix",
        "flake-parts": "flake-parts",
        "nix-filter": "nix-filter",
        "nixpkgs": "nixpkgs"
      }
    },
    "rust-analyzer-src": {
      "flake": false,
      "locked": {
        "lastModified": 1666095598,
        "narHash": "sha256-ucUjuGLJSB+GNtXZgFQdPtIaYBejwJZlZEp8FjRkuJ4=",
        "owner": "rust-lang",
        "repo": "rust-analyzer",
        "rev": "97b357e41b99ee3d5dd72a1640f6c74e4f4d6b64",
        "type": "github"
      },
      "original": {
        "owner": "rust-lang",
        "ref": "nightly",
        "repo": "rust-analyzer",
        "type": "github"
      }
    }
  },
  "root": "root",
  "version": 7
}
